<?xml version="1.0" encoding="utf-8"?>
<Project ToolsVersion="4.0" xmlns="http://schemas.microsoft.com/developer/msbuild/2003">
  <ItemGroup>
    <Filter Include="Source Files">
      <UniqueIdentifier>{6a1aeac5-779e-424a-b27f-1f974ad400d3}</UniqueIdentifier>
      <Extensions>cpp;c;cxx;rc;def;r;odl;idl;hpj;bat</Extensions>
    </Filter>
    <Filter Include="Header Files">
      <UniqueIdentifier>{32b546b1-0a25-496d-a336-c070272b8342}</UniqueIdentifier>
      <Extensions>h;hpp;hxx;hm;inl</Extensions>
    </Filter>
    <Filter Include="Resource Files">
      <UniqueIdentifier>{ba3dbdf0-3d24-4ae4-b32c-60e45ba0f1e0}</UniqueIdentifier>
      <Extensions>ico;cur;bmp;dlg;rc2;rct;bin;rgs;gif;jpg;jpeg;jpe</Extensions>
    </Filter>
  </ItemGroup>
  <ItemGroup>
    <ClCompile Include="ACMotorCtrlWnd.cpp">
      <Filter>Source Files</Filter>
    </ClCompile>
    <ClCompile Include="BtnST.cpp">
      <Filter>Source Files</Filter>
    </ClCompile>
    <ClCompile Include="BufPtr.cpp">
      <Filter>Source Files</Filter>
    </ClCompile>
    <ClCompile Include="CardInitDlg.cpp">
      <Filter>Source Files</Filter>
    </ClCompile>
    <ClCompile Include="ChartStatic.cpp">
      <Filter>Source Files</Filter>
    </ClCompile>
    <ClCompile Include="CIniFile.cpp">
      <Filter>Source Files</Filter>
    </ClCompile>
    <ClCompile Include="CNC_c.cpp">
      <Filter>Source Files</Filter>
    </ClCompile>
    <ClCompile Include="CNCData.cpp">
      <Filter>Source Files</Filter>
    </ClCompile>
    <ClCompile Include="DCMotrCtrlWnd.cpp">
      <Filter>Source Files</Filter>
    </ClCompile>
    <ClCompile Include="DebugDlg.cpp">
      <Filter>Source Files</Filter>
    </ClCompile>
    <ClCompile Include="digitaldisp.cpp">
      <Filter>Source Files</Filter>
    </ClCompile>
    <ClCompile Include="DY_MATH.CPP">
      <Filter>Source Files</Filter>
    </ClCompile>
    <ClCompile Include="FixedSplitterWnd.cpp">
      <Filter>Source Files</Filter>
    </ClCompile>
    <ClCompile Include="FunctionBar.cpp">
      <Filter>Source Files</Filter>
    </ClCompile>
    <ClCompile Include="GCodeCtrlWnd.cpp">
      <Filter>Source Files</Filter>
    </ClCompile>
    <ClCompile Include="GCodeDrawView.cpp">
      <Filter>Source Files</Filter>
    </ClCompile>
    <ClCompile Include="GCodeFrame.cpp">
      <Filter>Source Files</Filter>
    </ClCompile>
    <ClCompile Include="GTCARD.cpp">
      <Filter>Source Files</Filter>
    </ClCompile>
    <ClCompile Include="InterpExpCtrlWnd.cpp">
      <Filter>Source Files</Filter>
    </ClCompile>
    <ClCompile Include="InterpExpDrawView.cpp">
      <Filter>Source Files</Filter>
    </ClCompile>
    <ClCompile Include="InterpExpFrame.cpp">
      <Filter>Source Files</Filter>
    </ClCompile>
    <ClCompile Include="Interpolation.cpp">
      <Filter>Source Files</Filter>
    </ClCompile>
    <ClCompile Include="MainFrm.cpp">
      <Filter>Source Files</Filter>
    </ClCompile>
    <ClCompile Include="ModeSelTabCtrl.cpp">
      <Filter>Source Files</Filter>
    </ClCompile>
    <ClCompile Include="MotorControlBench.cpp">
      <Filter>Source Files</Filter>
    </ClCompile>
    <ClCompile Include="MotorControlBenchDoc.cpp">
      <Filter>Source Files</Filter>
    </ClCompile>
    <ClCompile Include="MotorControlBenchView.cpp">
      <Filter>Source Files</Filter>
    </ClCompile>
    <ClCompile Include="PageBasePara.cpp">
      <Filter>Source Files</Filter>
    </ClCompile>
    <ClCompile Include="PageFeedSetting.cpp">
      <Filter>Source Files</Filter>
    </ClCompile>
    <ClCompile Include="PageGearMode.cpp">
      <Filter>Source Files</Filter>
    </ClCompile>
    <ClCompile Include="PageJogOperate.cpp">
      <Filter>Source Files</Filter>
    </ClCompile>
    <ClCompile Include="PagePlaneSel.cpp">
      <Filter>Source Files</Filter>
    </ClCompile>
    <ClCompile Include="PageSysPara.cpp">
      <Filter>Source Files</Filter>
    </ClCompile>
    <ClCompile Include="PageZoomOperate.cpp">
      <Filter>Source Files</Filter>
    </ClCompile>
    <ClCompile Include="ParaSetDlg.cpp">
      <Filter>Source Files</Filter>
    </ClCompile>
    <ClCompile Include="PasWordDlg.cpp">
      <Filter>Source Files</Filter>
    </ClCompile>
    <ClCompile Include="Position.cpp">
      <Filter>Source Files</Filter>
    </ClCompile>
    <ClCompile Include="StdAfx.cpp">
      <Filter>Source Files</Filter>
    </ClCompile>
    <ClCompile Include="TabSheet.cpp">
      <Filter>Source Files</Filter>
    </ClCompile>
    <ClCompile Include="TechSelTabCtrl.cpp">
      <Filter>Source Files</Filter>
    </ClCompile>
    <ClCompile Include="PageDown.cpp">
      <Filter>Source Files</Filter>
    </ClCompile>
    <ClCompile Include="PageUp.cpp">
      <Filter>Source Files</Filter>
    </ClCompile>
    <ClCompile Include="PageMark.cpp">
      <Filter>Source Files</Filter>
    </ClCompile>
    <ClCompile Include="PageTech.cpp">
      <Filter>Source Files</Filter>
    </ClCompile>
    <ClCompile Include="PageExec.cpp">
      <Filter>Source Files</Filter>
    </ClCompile>
    <ClCompile Include="CcdSelTabCtrl.cpp">
      <Filter>Source Files</Filter>
    </ClCompile>
    <ClCompile Include="ViewSelTabCtrl.cpp">
      <Filter>Source Files</Filter>
    </ClCompile>
    <ClCompile Include="PageEdit.cpp">
      <Filter>Source Files</Filter>
    </ClCompile>
    <ClCompile Include="PageSystem.cpp">
      <Filter>Source Files</Filter>
    </ClCompile>
    <ClCompile Include="PageCcdRange.cpp">
      <Filter>Source Files</Filter>
    </ClCompile>
  </ItemGroup>
  <ItemGroup>
    <ResourceCompile Include="MotorControlBench.rc">
      <Filter>Source Files</Filter>
    </ResourceCompile>
  </ItemGroup>
  <ItemGroup>
    <ClInclude Include="ACMotorCtrlWnd.h">
      <Filter>Header Files</Filter>
    </ClInclude>
    <ClInclude Include="BtnST.h">
      <Filter>Header Files</Filter>
    </ClInclude>
    <ClInclude Include="BufPtr.h">
      <Filter>Header Files</Filter>
    </ClInclude>
    <ClInclude Include="CardInitDlg.h">
      <Filter>Header Files</Filter>
    </ClInclude>
    <ClInclude Include="ChartStatic.h">
      <Filter>Header Files</Filter>
    </ClInclude>
    <ClInclude Include="CIniFile.h">
      <Filter>Header Files</Filter>
    </ClInclude>
    <ClInclude Include="Cnc_api.h">
      <Filter>Header Files</Filter>
    </ClInclude>
    <ClInclude Include="CNC_c.h">
      <Filter>Header Files</Filter>
    </ClInclude>
    <ClInclude Include="CNCData.h">
      <Filter>Header Files</Filter>
    </ClInclude>
    <ClInclude Include="DCMotrCtrlWnd.h">
      <Filter>Header Files</Filter>
    </ClInclude>
    <ClInclude Include="DebugDlg.h">
      <Filter>Header Files</Filter>
    </ClInclude>
    <ClInclude Include="digitaldisp.h">
      <Filter>Header Files</Filter>
    </ClInclude>
    <ClInclude Include="DY_MATH.H">
      <Filter>Header Files</Filter>
    </ClInclude>
    <ClInclude Include="FixedSplitterWnd.h">
      <Filter>Header Files</Filter>
    </ClInclude>
    <ClInclude Include="FunctionBar.h">
      <Filter>Header Files</Filter>
    </ClInclude>
    <ClInclude Include="GCodeCtrlWnd.h">
      <Filter>Header Files</Filter>
    </ClInclude>
    <ClInclude Include="GCodeDrawView.h">
      <Filter>Header Files</Filter>
    </ClInclude>
    <ClInclude Include="GCodeFrame.h">
      <Filter>Header Files</Filter>
    </ClInclude>
    <ClInclude Include="Global.h">
      <Filter>Header Files</Filter>
    </ClInclude>
    <ClInclude Include="..\..\GMD_IMPROVE\GMD_Demo_SOR_1.0\GT400.H">
      <Filter>Header Files</Filter>
    </ClInclude>
    <ClInclude Include="GTCARD.h">
      <Filter>Header Files</Filter>
    </ClInclude>
    <ClInclude Include="GTCNCLib.h">
      <Filter>Header Files</Filter>
    </ClInclude>
    <ClInclude Include="InterpExpCtrlWnd.h">
      <Filter>Header Files</Filter>
    </ClInclude>
    <ClInclude Include="InterpExpDrawView.h">
      <Filter>Header Files</Filter>
    </ClInclude>
    <ClInclude Include="InterpExpFrame.h">
      <Filter>Header Files</Filter>
    </ClInclude>
    <ClInclude Include="Interpolation.h">
      <Filter>Header Files</Filter>
    </ClInclude>
    <ClInclude Include="MainFrm.h">
      <Filter>Header Files</Filter>
    </ClInclude>
    <ClInclude Include="ModeSelTabCtrl.h">
      <Filter>Header Files</Filter>
    </ClInclude>
    <ClInclude Include="MotorControlBench.h">
      <Filter>Header Files</Filter>
    </ClInclude>
    <ClInclude Include="MotorControlBenchDoc.h">
      <Filter>Header Files</Filter>
    </ClInclude>
    <ClInclude Include="MotorControlBenchView.h">
      <Filter>Header Files</Filter>
    </ClInclude>
    <ClInclude Include="MyDataType.h">
      <Filter>Header Files</Filter>
    </ClInclude>
    <ClInclude Include="PageBasePara.h">
      <Filter>Header Files</Filter>
    </ClInclude>
    <ClInclude Include="PageFeedSetting.h">
      <Filter>Header Files</Filter>
    </ClInclude>
    <ClInclude Include="PageGearMode.h">
      <Filter>Header Files</Filter>
    </ClInclude>
    <ClInclude Include="PageJogOperate.h">
      <Filter>Header Files</Filter>
    </ClInclude>
    <ClInclude Include="PagePlaneSel.h">
      <Filter>Header Files</Filter>
    </ClInclude>
    <ClInclude Include="PageSMode.h">
      <Filter>Header Files</Filter>
    </ClInclude>
    <ClInclude Include="PageSysPara.h">
      <Filter>Header Files</Filter>
    </ClInclude>
    <ClInclude Include="PageZoomOperate.h">
      <Filter>Header Files</Filter>
    </ClInclude>
    <ClInclude Include="ParaSetDlg.h">
      <Filter>Header Files</Filter>
    </ClInclude>
    <ClInclude Include="PasWordDlg.h">
      <Filter>Header Files</Filter>
    </ClInclude>
    <ClInclude Include="Pegrpapi.h">
      <Filter>Header Files</Filter>
    </ClInclude>
    <ClInclude Include="Position.h">
      <Filter>Header Files</Filter>
    </ClInclude>
    <ClInclude Include="Resource.h">
      <Filter>Header Files</Filter>
    </ClInclude>
    <ClInclude Include="StdAfx.h">
      <Filter>Header Files</Filter>
    </ClInclude>
    <ClInclude Include="TabSheet.h">
      <Filter>Header Files</Filter>
    </ClInclude>
    <ClInclude Include="TModeSel.h">
      <Filter>Header Files</Filter>
    </ClInclude>
    <ClInclude Include="TechSelTabCtrl.h">
      <Filter>Header Files</Filter>
    </ClInclude>
    <ClInclude Include="PageDown.h">
      <Filter>Header Files</Filter>
    </ClInclude>
    <ClInclude Include="PageUp.h">
      <Filter>Header Files</Filter>
    </ClInclude>
    <ClInclude Include="PageMark.h">
      <Filter>Header Files</Filter>
    </ClInclude>
    <ClInclude Include="PageTech.h">
      <Filter>Header Files</Filter>
    </ClInclude>
    <ClInclude Include="PageExec.h">
      <Filter>Header Files</Filter>
    </ClInclude>
    <ClInclude Include="CcdSelTabCtrl.h">
      <Filter>Header Files</Filter>
    </ClInclude>
    <ClInclude Include="ViewSelTabCtrl.h">
      <Filter>Header Files</Filter>
    </ClInclude>
    <ClInclude Include="PageEdit.h">
      <Filter>Header Files</Filter>
    </ClInclude>
    <ClInclude Include="PageSystem.h">
      <Filter>Header Files</Filter>
    </ClInclude>
    <ClInclude Include="PageCcdRange.h">
      <Filter>Header Files</Filter>
    </ClInclude>
  </ItemGroup>
  <ItemGroup>
    <Library Include="GT400.LIB" />
    <Library Include="PEGRP32C.lib" />
  </ItemGroup>
  <ItemGroup>
    <CustomBuild Include="res\3.bmp">
      <Filter>Resource Files</Filter>
    </CustomBuild>
    <CustomBuild Include="res\AddRec.ICO">
      <Filter>Resource Files</Filter>
    </CustomBuild>
    <CustomBuild Include="res\bitmap2.bmp">
      <Filter>Resource Files</Filter>
    </CustomBuild>
    <CustomBuild Include="res\bitmap4.bmp">
      <Filter>Resource Files</Filter>
    </CustomBuild>
    <CustomBuild Include="res\CONTROL.ICO">
      <Filter>Resource Files</Filter>
    </CustomBuild>
    <CustomBuild Include="res\Degree.ico">
      <Filter>Resource Files</Filter>
    </CustomBuild>
    <CustomBuild Include="res\gcode.ico">
      <Filter>Resource Files</Filter>
    </CustomBuild>
    <CustomBuild Include="res\GO.ICO">
      <Filter>Resource Files</Filter>
    </CustomBuild>
    <CustomBuild Include="res\GOOGOL.ICO">
      <Filter>Resource Files</Filter>
    </CustomBuild>
    <CustomBuild Include="res\Green2.bmp">
      <Filter>Resource Files</Filter>
    </CustomBuild>
    <CustomBuild Include="res\Hand_X_Right.ico">
      <Filter>Resource Files</Filter>
    </CustomBuild>
    <CustomBuild Include="res\Headband(500x354).bmp">
      <Filter>Resource Files</Filter>
    </CustomBuild>
    <CustomBuild Include="res\ICON_OK.ICO">
      <Filter>Resource Files</Filter>
    </CustomBuild>
    <CustomBuild Include="res\interface 01.bmp">
      <Filter>Resource Files</Filter>
    </CustomBuild>
    <CustomBuild Include="res\interface 02.bmp">
      <Filter>Resource Files</Filter>
    </CustomBuild>
    <CustomBuild Include="res\LedOff.ico">
      <Filter>Resource Files</Filter>
    </CustomBuild>
    <CustomBuild Include="res\LedOn.ico">
      <Filter>Resource Files</Filter>
    </CustomBuild>
    <CustomBuild Include="res\MISC01.ICO">
      <Filter>Resource Files</Filter>
    </CustomBuild>
    <CustomBuild Include="res\MotorControlBench.ico">
      <Filter>Resource Files</Filter>
    </CustomBuild>
    <CustomBuild Include="res\MotorControlBench.rc2">
      <Filter>Resource Files</Filter>
    </CustomBuild>
    <CustomBuild Include="res\MotorControlBenchDoc.ico">
      <Filter>Resource Files</Filter>
    </CustomBuild>
    <CustomBuild Include="res\OOFL.ICO">
      <Filter>Resource Files</Filter>
    </CustomBuild>
    <CustomBuild Include="res\Red2.bmp">
      <Filter>Resource Files</Filter>
    </CustomBuild>
    <CustomBuild Include="res\TOOLS.ICO">
      <Filter>Resource Files</Filter>
    </CustomBuild>
    <CustomBuild Include="res\VideoSourceSet.ICO">
      <Filter>Resource Files</Filter>
    </CustomBuild>
    <CustomBuild Include="res\G.AVI" />
    <CustomBuild Include="ReadMe.txt" />
  </ItemGroup>
</Project>